// !$*UTF8*$!
{
	archiveVersion = 1;
	classes = {
	};
	objectVersion = 50;
	objects = {

/* Begin PBXBuildFile section */
		10405D5E260FB2BE00CD214E /* AppDelegate.swift in Sources */ = {isa = PBXBuildFile; fileRef = 10405D5D260FB2BE00CD214E /* AppDelegate.swift */; };
		10405D60260FB2BE00CD214E /* SceneDelegate.swift in Sources */ = {isa = PBXBuildFile; fileRef = 10405D5F260FB2BE00CD214E /* SceneDelegate.swift */; };
		10405D62260FB2BE00CD214E /* ViewController.swift in Sources */ = {isa = PBXBuildFile; fileRef = 10405D61260FB2BE00CD214E /* ViewController.swift */; };
		10405D65260FB2BE00CD214E /* Main.storyboard in Resources */ = {isa = PBXBuildFile; fileRef = 10405D63260FB2BE00CD214E /* Main.storyboard */; };
		10405D67260FB2C200CD214E /* Assets.xcassets in Resources */ = {isa = PBXBuildFile; fileRef = 10405D66260FB2C200CD214E /* Assets.xcassets */; };
		10405D6A260FB2C200CD214E /* LaunchScreen.storyboard in Resources */ = {isa = PBXBuildFile; fileRef = 10405D68260FB2C200CD214E /* LaunchScreen.storyboard */; };
		10405D75260FB2C200CD214E /* TaxAppTests.swift in Sources */ = {isa = PBXBuildFile; fileRef = 10405D74260FB2C200CD214E /* TaxAppTests.swift */; };
		10405D80260FB2C200CD214E /* TaxAppUITests.swift in Sources */ = {isa = PBXBuildFile; fileRef = 10405D7F260FB2C200CD214E /* TaxAppUITests.swift */; };
/* End PBXBuildFile section */

/* Begin PBXContainerItemProxy section */
		10405D71260FB2C200CD214E /* PBXContainerItemProxy */ = {
			isa = PBXContainerItemProxy;
			containerPortal = 10405D52260FB2BE00CD214E /* Project object */;
			proxyType = 1;
			remoteGlobalIDString = 10405D59260FB2BE00CD214E;
			remoteInfo = TaxApp;
		};
		10405D7C260FB2C200CD214E /* PBXContainerItemProxy */ = {
			isa = PBXContainerItemProxy;
			containerPortal = 10405D52260FB2BE00CD214E /* Project object */;
			proxyType = 1;
			remoteGlobalIDString = 10405D59260FB2BE00CD214E;
			remoteInfo = TaxApp;
		};
/* End PBXContainerItemProxy section */

/* Begin PBXFileReference section */
		10405D5A260FB2BE00CD214E /* TaxApp.app */ = {isa = PBXFileReference; explicitFileType = wrapper.application; includeInIndex = 0; path = TaxApp.app; sourceTree = BUILT_PRODUCTS_DIR; };
		10405D5D260FB2BE00CD214E /* AppDelegate.swift */ = {isa = PBXFileReference; lastKnownFileType = sourcecode.swift; path = AppDelegate.swift; sourceTree = "<group>"; };
		10405D5F260FB2BE00CD214E /* SceneDelegate.swift */ = {isa = PBXFileReference; lastKnownFileType = sourcecode.swift; path = SceneDelegate.swift; sourceTree = "<group>"; };
		10405D61260FB2BE00CD214E /* ViewController.swift */ = {isa = PBXFileReference; lastKnownFileType = sourcecode.swift; path = ViewController.swift; sourceTree = "<group>"; };
		10405D64260FB2BE00CD214E /* Base */ = {isa = PBXFileReference; lastKnownFileType = file.storyboard; name = Base; path = Base.lproj/Main.storyboard; sourceTree = "<group>"; };
		10405D66260FB2C200CD214E /* Assets.xcassets */ = {isa = PBXFileReference; lastKnownFileType = folder.assetcatalog; path = Assets.xcassets; sourceTree = "<group>"; };
		10405D69260FB2C200CD214E /* Base */ = {isa = PBXFileReference; lastKnownFileType = file.storyboard; name = Base; path = Base.lproj/LaunchScreen.storyboard; sourceTree = "<group>"; };
		10405D6B260FB2C200CD214E /* Info.plist */ = {isa = PBXFileReference; lastKnownFileType = text.plist.xml; path = Info.plist; sourceTree = "<group>"; };
		10405D70260FB2C200CD214E /* TaxAppTests.xctest */ = {isa = PBXFileReference; explicitFileType = wrapper.cfbundle; includeInIndex = 0; path = TaxAppTests.xctest; sourceTree = BUILT_PRODUCTS_DIR; };
		10405D74260FB2C200CD214E /* TaxAppTests.swift */ = {isa = PBXFileReference; lastKnownFileType = sourcecode.swift; path = TaxAppTests.swift; sourceTree = "<group>"; };
		10405D76260FB2C200CD214E /* Info.plist */ = {isa = PBXFileReference; lastKnownFileType = text.plist.xml; path = Info.plist; sourceTree = "<group>"; };
		10405D7B260FB2C200CD214E /* TaxAppUITests.xctest */ = {isa = PBXFileReference; explicitFileType = wrapper.cfbundle; includeInIndex = 0; path = TaxAppUITests.xctest; sourceTree = BUILT_PRODUCTS_DIR; };
		10405D7F260FB2C200CD214E /* TaxAppUITests.swift */ = {isa = PBXFileReference; lastKnownFileType = sourcecode.swift; path = TaxAppUITests.swift; sourceTree = "<group>"; };
		10405D81260FB2C200CD214E /* Info.plist */ = {isa = PBXFileReference; lastKnownFileType = text.plist.xml; path = Info.plist; sourceTree = "<group>"; };
/* End PBXFileReference section */

/* Begin PBXFrameworksBuildPhase section */
		10405D57260FB2BE00CD214E /* Frameworks */ = {
			isa = PBXFrameworksBuildPhase;
			buildActionMask = 2147483647;
			files = (
			);
			runOnlyForDeploymentPostprocessing = 0;
		};
		10405D6D260FB2C200CD214E /* Frameworks */ = {
			isa = PBXFrameworksBuildPhase;
			buildActionMask = 2147483647;
			files = (
			);
			runOnlyForDeploymentPostprocessing = 0;
		};
		10405D78260FB2C200CD214E /* Frameworks */ = {
			isa = PBXFrameworksBuildPhase;
			buildActionMask = 2147483647;
			files = (
			);
			runOnlyForDeploymentPostprocessing = 0;
		};
/* End PBXFrameworksBuildPhase section */

/* Begin PBXGroup section */
		10405D51260FB2BE00CD214E = {
			isa = PBXGroup;
			children = (
				10405D5C260FB2BE00CD214E /* TaxApp */,
				10405D73260FB2C200CD214E /* TaxAppTests */,
				10405D7E260FB2C200CD214E /* TaxAppUITests */,
				10405D5B260FB2BE00CD214E /* Products */,
			);
			sourceTree = "<group>";
		};
		10405D5B260FB2BE00CD214E /* Products */ = {
			isa = PBXGroup;
			children = (
				10405D5A260FB2BE00CD214E /* TaxApp.app */,
				10405D70260FB2C200CD214E /* TaxAppTests.xctest */,
				10405D7B260FB2C200CD214E /* TaxAppUITests.xctest */,
			);
			name = Products;
			sourceTree = "<group>";
		};
		10405D5C260FB2BE00CD214E /* TaxApp */ = {
			isa = PBXGroup;
			children = (
				10405D5D260FB2BE00CD214E /* AppDelegate.swift */,
				10405D5F260FB2BE00CD214E /* SceneDelegate.swift */,
				10405D61260FB2BE00CD214E /* ViewController.swift */,
				10405D63260FB2BE00CD214E /* Main.storyboard */,
				10405D66260FB2C200CD214E /* Assets.xcassets */,
				10405D68260FB2C200CD214E /* LaunchScreen.storyboard */,
				10405D6B260FB2C200CD214E /* Info.plist */,
			);
			path = TaxApp;
			sourceTree = "<group>";
		};
		10405D73260FB2C200CD214E /* TaxAppTests */ = {
			isa = PBXGroup;
			children = (
				10405D74260FB2C200CD214E /* TaxAppTests.swift */,
				10405D76260FB2C200CD214E /* Info.plist */,
			);
			path = TaxAppTests;
			sourceTree = "<group>";
		};
		10405D7E260FB2C200CD214E /* TaxAppUITests */ = {
			isa = PBXGroup;
			children = (
				10405D7F260FB2C200CD214E /* TaxAppUITests.swift */,
				10405D81260FB2C200CD214E /* Info.plist */,
			);
			path = TaxAppUITests;
			sourceTree = "<group>";
		};
/* End PBXGroup section */

/* Begin PBXNativeTarget section */
		10405D59260FB2BE00CD214E /* TaxApp */ = {
			isa = PBXNativeTarget;
			buildConfigurationList = 10405D84260FB2C200CD214E /* Build configuration list for PBXNativeTarget "TaxApp" */;
			buildPhases = (
				10405D56260FB2BE00CD214E /* Sources */,
				10405D57260FB2BE00CD214E /* Frameworks */,
				10405D58260FB2BE00CD214E /* Resources */,
			);
			buildRules = (
			);
			dependencies = (
			);
			name = TaxApp;
			productName = TaxApp;
			productReference = 10405D5A260FB2BE00CD214E /* TaxApp.app */;
			productType = "com.apple.product-type.application";
		};
		10405D6F260FB2C200CD214E /* TaxAppTests */ = {
			isa = PBXNativeTarget;
			buildConfigurationList = 10405D87260FB2C200CD214E /* Build configuration list for PBXNativeTarget "TaxAppTests" */;
			buildPhases = (
				10405D6C260FB2C200CD214E /* Sources */,
				10405D6D260FB2C200CD214E /* Frameworks */,
				10405D6E260FB2C200CD214E /* Resources */,
			);
			buildRules = (
			);
			dependencies = (
				10405D72260FB2C200CD214E /* PBXTargetDependency */,
			);
			name = TaxAppTests;
			productName = TaxAppTests;
			productReference = 10405D70260FB2C200CD214E /* TaxAppTests.xctest */;
			productType = "com.apple.product-type.bundle.unit-test";
		};
		10405D7A260FB2C200CD214E /* TaxAppUITests */ = {
			isa = PBXNativeTarget;
			buildConfigurationList = 10405D8A260FB2C200CD214E /* Build configuration list for PBXNativeTarget "TaxAppUITests" */;
			buildPhases = (
				10405D77260FB2C200CD214E /* Sources */,
				10405D78260FB2C200CD214E /* Frameworks */,
				10405D79260FB2C200CD214E /* Resources */,
			);
			buildRules = (
			);
			dependencies = (
				10405D7D260FB2C200CD214E /* PBXTargetDependency */,
			);
			name = TaxAppUITests;
			productName = TaxAppUITests;
			productReference = 10405D7B260FB2C200CD214E /* TaxAppUITests.xctest */;
			productType = "com.apple.product-type.bundle.ui-testing";
		};
/* End PBXNativeTarget section */

/* Begin PBXProject section */
		10405D52260FB2BE00CD214E /* Project object */ = {
			isa = PBXProject;
			attributes = {
				LastSwiftUpdateCheck = 1240;
				LastUpgradeCheck = 1240;
				TargetAttributes = {
					10405D59260FB2BE00CD214E = {
						CreatedOnToolsVersion = 12.4;
					};
					10405D6F260FB2C200CD214E = {
						CreatedOnToolsVersion = 12.4;
						TestTargetID = 10405D59260FB2BE00CD214E;
					};
					10405D7A260FB2C200CD214E = {
						CreatedOnToolsVersion = 12.4;
						TestTargetID = 10405D59260FB2BE00CD214E;
					};
				};
			};
			buildConfigurationList = 10405D55260FB2BE00CD214E /* Build configuration list for PBXProject "TaxApp" */;
			compatibilityVersion = "Xcode 9.3";
			developmentRegion = en;
			hasScannedForEncodings = 0;
			knownRegions = (
				en,
				Base,
			);
			mainGroup = 10405D51260FB2BE00CD214E;
			productRefGroup = 10405D5B260FB2BE00CD214E /* Products */;
			projectDirPath = "";
			projectRoot = "";
			targets = (
				10405D59260FB2BE00CD214E /* TaxApp */,
				10405D6F260FB2C200CD214E /* TaxAppTests */,
				10405D7A260FB2C200CD214E /* TaxAppUITests */,
			);
		};
/* End PBXProject section */

/* Begin PBXResourcesBuildPhase section */
		10405D58260FB2BE00CD214E /* Resources */ = {
			isa = PBXResourcesBuildPhase;
			buildActionMask = 2147483647;
			files = (
				10405D6A260FB2C200CD214E /* LaunchScreen.storyboard in Resources */,
				10405D67260FB2C200CD214E /* Assets.xcassets in Resources */,
				10405D65260FB2BE00CD214E /* Main.storyboard in Resources */,
			);
			runOnlyForDeploymentPostprocessing = 0;
		};
		10405D6E260FB2C200CD214E /* Resources */ = {
			isa = PBXResourcesBuildPhase;
			buildActionMask = 2147483647;
			files = (
			);
			runOnlyForDeploymentPostprocessing = 0;
		};
		10405D79260FB2C200CD214E /* Resources */ = {
			isa = PBXResourcesBuildPhase;
			buildActionMask = 2147483647;
			files = (
			);
			runOnlyForDeploymentPostprocessing = 0;
		};
/* End PBXResourcesBuildPhase section */

/* Begin PBXSourcesBuildPhase section */
		10405D56260FB2BE00CD214E /* Sources */ = {
			isa = PBXSourcesBuildPhase;
			buildActionMask = 2147483647;
			files = (
				10405D62260FB2BE00CD214E /* ViewController.swift in Sources */,
				10405D5E260FB2BE00CD214E /* AppDelegate.swift in Sources */,
				10405D60260FB2BE00CD214E /* SceneDelegate.swift in Sources */,
			);
			runOnlyForDeploymentPostprocessing = 0;
		};
		10405D6C260FB2C200CD214E /* Sources */ = {
			isa = PBXSourcesBuildPhase;
			buildActionMask = 2147483647;
			files = (
				10405D75260FB2C200CD214E /* TaxAppTests.swift in Sources */,
			);
			runOnlyForDeploymentPostprocessing = 0;
		};
		10405D77260FB2C200CD214E /* Sources */ = {
			isa = PBXSourcesBuildPhase;
			buildActionMask = 2147483647;
			files = (
				10405D80260FB2C200CD214E /* TaxAppUITests.swift in Sources */,
			);
			runOnlyForDeploymentPostprocessing = 0;
		};
/* End PBXSourcesBuildPhase section */

/* Begin PBXTargetDependency section */
		10405D72260FB2C200CD214E /* PBXTargetDependency */ = {
			isa = PBXTargetDependency;
			target = 10405D59260FB2BE00CD214E /* TaxApp */;
			targetProxy = 10405D71260FB2C200CD214E /* PBXContainerItemProxy */;
		};
		10405D7D260FB2C200CD214E /* PBXTargetDependency */ = {
			isa = PBXTargetDependency;
			target = 10405D59260FB2BE00CD214E /* TaxApp */;
			targetProxy = 10405D7C260FB2C200CD214E /* PBXContainerItemProxy */;
		};
/* End PBXTargetDependency section */

/* Begin PBXVariantGroup section */
		10405D63260FB2BE00CD214E /* Main.storyboard */ = {
			isa = PBXVariantGroup;
			children = (
				10405D64260FB2BE00CD214E /* Base */,
			);
			name = Main.storyboard;
			sourceTree = "<group>";
		};
		10405D68260FB2C200CD214E /* LaunchScreen.storyboard */ = {
			isa = PBXVariantGroup;
			children = (
				10405D69260FB2C200CD214E /* Base */,
			);
			name = LaunchScreen.storyboard;
			sourceTree = "<group>";
		};
/* End PBXVariantGroup section */

/* Begin XCBuildConfiguration section */
		10405D82260FB2C200CD214E /* Debug */ = {
			isa = XCBuildConfiguration;
			buildSettings = {
				ALWAYS_SEARCH_USER_PATHS = NO;
				CLANG_ANALYZER_NONNULL = YES;
				CLANG_ANALYZER_NUMBER_OBJECT_CONVERSION = YES_AGGRESSIVE;
				CLANG_CXX_LANGUAGE_STANDARD = "gnu++14";
				CLANG_CXX_LIBRARY = "libc++";
				CLANG_ENABLE_MODULES = YES;
				CLANG_ENABLE_OBJC_ARC = YES;
				CLANG_ENABLE_OBJC_WEAK = YES;
				CLANG_WARN_BLOCK_CAPTURE_AUTORELEASING = YES;
				CLANG_WARN_BOOL_CONVERSION = YES;
				CLANG_WARN_COMMA = YES;
				CLANG_WARN_CONSTANT_CONVERSION = YES;
				CLANG_WARN_DEPRECATED_OBJC_IMPLEMENTATIONS = YES;
				CLANG_WARN_DIRECT_OBJC_ISA_USAGE = YES_ERROR;
				CLANG_WARN_DOCUMENTATION_COMMENTS = YES;
				CLANG_WARN_EMPTY_BODY = YES;
				CLANG_WARN_ENUM_CONVERSION = YES;
				CLANG_WARN_INFINITE_RECURSION = YES;
				CLANG_WARN_INT_CONVERSION = YES;
				CLANG_WARN_NON_LITERAL_NULL_CONVERSION = YES;
				CLANG_WARN_OBJC_IMPLICIT_RETAIN_SELF = YES;
				CLANG_WARN_OBJC_LITERAL_CONVERSION = YES;
				CLANG_WARN_OBJC_ROOT_CLASS = YES_ERROR;
				CLANG_WARN_QUOTED_INCLUDE_IN_FRAMEWORK_HEADER = YES;
				CLANG_WARN_RANGE_LOOP_ANALYSIS = YES;
				CLANG_WARN_STRICT_PROTOTYPES = YES;
				CLANG_WARN_SUSPICIOUS_MOVE = YES;
				CLANG_WARN_UNGUARDED_AVAILABILITY = YES_AGGRESSIVE;
				CLANG_WARN_UNREACHABLE_CODE = YES;
				CLANG_WARN__DUPLICATE_METHOD_MATCH = YES;
				COPY_PHASE_STRIP = NO;
				DEBUG_INFORMATION_FORMAT = dwarf;
				ENABLE_STRICT_OBJC_MSGSEND = YES;
				ENABLE_TESTABILITY = YES;
				GCC_C_LANGUAGE_STANDARD = gnu11;
				GCC_DYNAMIC_NO_PIC = NO;
				GCC_NO_COMMON_BLOCKS = YES;
				GCC_OPTIMIZATION_LEVEL = 0;
				GCC_PREPROCESSOR_DEFINITIONS = (
					"DEBUG=1",
					"$(inherited)",
				);
				GCC_WARN_64_TO_32_BIT_CONVERSION = YES;
				GCC_WARN_ABOUT_RETURN_TYPE = YES_ERROR;
				GCC_WARN_UNDECLARED_SELECTOR = YES;
				GCC_WARN_UNINITIALIZED_AUTOS = YES_AGGRESSIVE;
				GCC_WARN_UNUSED_FUNCTION = YES;
				GCC_WARN_UNUSED_VARIABLE = YES;
				IPHONEOS_DEPLOYMENT_TARGET = 14.4;
				MTL_ENABLE_DEBUG_INFO = INCLUDE_SOURCE;
				MTL_FAST_MATH = YES;
				ONLY_ACTIVE_ARCH = YES;
				SDKROOT = iphoneos;
				SWIFT_ACTIVE_COMPILATION_CONDITIONS = DEBUG;
				SWIFT_OPTIMIZATION_LEVEL = "-Onone";
			};
			name = Debug;
		};
		10405D83260FB2C200CD214E /* Release */ = {
			isa = XCBuildConfiguration;
			buildSettings = {
				ALWAYS_SEARCH_USER_PATHS = NO;
				CLANG_ANALYZER_NONNULL = YES;
				CLANG_ANALYZER_NUMBER_OBJECT_CONVERSION = YES_AGGRESSIVE;
				CLANG_CXX_LANGUAGE_STANDARD = "gnu++14";
				CLANG_CXX_LIBRARY = "libc++";
				CLANG_ENABLE_MODULES = YES;
				CLANG_ENABLE_OBJC_ARC = YES;
				CLANG_ENABLE_OBJC_WEAK = YES;
				CLANG_WARN_BLOCK_CAPTURE_AUTORELEASING = YES;
				CLANG_WARN_BOOL_CONVERSION = YES;
				CLANG_WARN_COMMA = YES;
				CLANG_WARN_CONSTANT_CONVERSION = YES;
				CLANG_WARN_DEPRECATED_OBJC_IMPLEMENTATIONS = YES;
				CLANG_WARN_DIRECT_OBJC_ISA_USAGE = YES_ERROR;
				CLANG_WARN_DOCUMENTATION_COMMENTS = YES;
				CLANG_WARN_EMPTY_BODY = YES;
				CLANG_WARN_ENUM_CONVERSION = YES;
				CLANG_WARN_INFINITE_RECURSION = YES;
				CLANG_WARN_INT_CONVERSION = YES;
				CLANG_WARN_NON_LITERAL_NULL_CONVERSION = YES;
				CLANG_WARN_OBJC_IMPLICIT_RETAIN_SELF = YES;
				CLANG_WARN_OBJC_LITERAL_CONVERSION = YES;
				CLANG_WARN_OBJC_ROOT_CLASS = YES_ERROR;
				CLANG_WARN_QUOTED_INCLUDE_IN_FRAMEWORK_HEADER = YES;
				CLANG_WARN_RANGE_LOOP_ANALYSIS = YES;
				CLANG_WARN_STRICT_PROTOTYPES = YES;
				CLANG_WARN_SUSPICIOUS_MOVE = YES;
				CLANG_WARN_UNGUARDED_AVAILABILITY = YES_AGGRESSIVE;
				CLANG_WARN_UNREACHABLE_CODE = YES;
				CLANG_WARN__DUPLICATE_METHOD_MATCH = YES;
				COPY_PHASE_STRIP = NO;
				DEBUG_INFORMATION_FORMAT = "dwarf-with-dsym";
				ENABLE_NS_ASSERTIONS = NO;
				ENABLE_STRICT_OBJC_MSGSEND = YES;
				GCC_C_LANGUAGE_STANDARD = gnu11;
				GCC_NO_COMMON_BLOCKS = YES;
				GCC_WARN_64_TO_32_BIT_CONVERSION = YES;
				GCC_WARN_ABOUT_RETURN_TYPE = YES_ERROR;
				GCC_WARN_UNDECLARED_SELECTOR = YES;
				GCC_WARN_UNINITIALIZED_AUTOS = YES_AGGRESSIVE;
				GCC_WARN_UNUSED_FUNCTION = YES;
				GCC_WARN_UNUSED_VARIABLE = YES;
				IPHONEOS_DEPLOYMENT_TARGET = 14.4;
				MTL_ENABLE_DEBUG_INFO = NO;
				MTL_FAST_MATH = YES;
				SDKROOT = iphoneos;
				SWIFT_COMPILATION_MODE = wholemodule;
				SWIFT_OPTIMIZATION_LEVEL = "-O";
				VALIDATE_PRODUCT = YES;
			};
			name = Release;
		};
		10405D85260FB2C200CD214E /* Debug */ = {
			isa = XCBuildConfiguration;
			buildSettings = {
				ASSETCATALOG_COMPILER_APPICON_NAME = AppIcon;
				ASSETCATALOG_COMPILER_GLOBAL_ACCENT_COLOR_NAME = AccentColor;
				CODE_SIGN_STYLE = Automatic;
				DEVELOPMENT_TEAM = ALL4HC65LS;
				INFOPLIST_FILE = TaxApp/Info.plist;
				LD_RUNPATH_SEARCH_PATHS = (
					"$(inherited)",
					"@executable_path/Frameworks",
				);
				PRODUCT_BUNDLE_IDENTIFIER = com.example.TaxApp;
				PRODUCT_NAME = "$(TARGET_NAME)";
				SWIFT_VERSION = 5.0;
				TARGETED_DEVICE_FAMILY = "1,2";
			};
			name = Debug;
		};
		10405D86260FB2C200CD214E /* Release */ = {
			isa = XCBuildConfiguration;
			buildSettings = {
				ASSETCATALOG_COMPILER_APPICON_NAME = AppIcon;
				ASSETCATALOG_COMPILER_GLOBAL_ACCENT_COLOR_NAME = AccentColor;
				CODE_SIGN_STYLE = Automatic;
				DEVELOPMENT_TEAM = ALL4HC65LS;
				INFOPLIST_FILE = TaxApp/Info.plist;
				LD_RUNPATH_SEARCH_PATHS = (
					"$(inherited)",
					"@executable_path/Frameworks",
				);
				PRODUCT_BUNDLE_IDENTIFIER = com.example.TaxApp;
				PRODUCT_NAME = "$(TARGET_NAME)";
				SWIFT_VERSION = 5.0;
				TARGETED_DEVICE_FAMILY = "1,2";
			};
			name = Release;
		};
		10405D88260FB2C200CD214E /* Debug */ = {
			isa = XCBuildConfiguration;
			buildSettings = {
				ALWAYS_EMBED_SWIFT_STANDARD_LIBRARIES = YES;
				BUNDLE_LOADER = "$(TEST_HOST)";
				CODE_SIGN_STYLE = Automatic;
				DEVELOPMENT_TEAM = ALL4HC65LS;
				INFOPLIST_FILE = TaxAppTests/Info.plist;
				IPHONEOS_DEPLOYMENT_TARGET = 14.4;
				LD_RUNPATH_SEARCH_PATHS = (
					"$(inherited)",
					"@executable_path/Frameworks",
					"@loader_path/Frameworks",
				);
				PRODUCT_BUNDLE_IDENTIFIER = com.example.TaxAppTests;
				PRODUCT_NAME = "$(TARGET_NAME)";
				SWIFT_VERSION = 5.0;
				TARGETED_DEVICE_FAMILY = "1,2";
				TEST_HOST = "$(BUILT_PRODUCTS_DIR)/TaxApp.app/TaxApp";
			};
			name = Debug;
		};
		10405D89260FB2C200CD214E /* Release */ = {
			isa = XCBuildConfiguration;
			buildSettings = {
				ALWAYS_EMBED_SWIFT_STANDARD_LIBRARIES = YES;
				BUNDLE_LOADER = "$(TEST_HOST)";
				CODE_SIGN_STYLE = Automatic;
				DEVELOPMENT_TEAM = ALL4HC65LS;
				INFOPLIST_FILE = TaxAppTests/Info.plist;
				IPHONEOS_DEPLOYMENT_TARGET = 14.4;
				LD_RUNPATH_SEARCH_PATHS = (
					"$(inherited)",
					"@executable_path/Frameworks",
					"@loader_path/Frameworks",
				);
				PRODUCT_BUNDLE_IDENTIFIER = com.example.TaxAppTests;
				PRODUCT_NAME = "$(TARGET_NAME)";
				SWIFT_VERSION = 5.0;
				TARGETED_DEVICE_FAMILY = "1,2";
				TEST_HOST = "$(BUILT_PRODUCTS_DIR)/TaxApp.app/TaxApp";
			};
			name = Release;
		};
		10405D8B260FB2C200CD214E /* Debug */ = {
			isa = XCBuildConfiguration;
			buildSettings = {
				ALWAYS_EMBED_SWIFT_STANDARD_LIBRARIES = YES;
				CODE_SIGN_STYLE = Automatic;
				DEVELOPMENT_TEAM = ALL4HC65LS;
				INFOPLIST_FILE = TaxAppUITests/Info.plist;
				LD_RUNPATH_SEARCH_PATHS = (
					"$(inherited)",
					"@executable_path/Frameworks",
					"@loader_path/Frameworks",
				);
				PRODUCT_BUNDLE_IDENTIFIER = com.example.TaxAppUITests;
				PRODUCT_NAME = "$(TARGET_NAME)";
				SWIFT_VERSION = 5.0;
				TARGETED_DEVICE_FAMILY = "1,2";
				TEST_TARGET_NAME = TaxApp;
			};
			name = Debug;
		};
		10405D8C260FB2C200CD214E /* Release */ = {
			isa = XCBuildConfiguration;
			buildSettings = {
				ALWAYS_EMBED_SWIFT_STANDARD_LIBRARIES = YES;
				CODE_SIGN_STYLE = Automatic;
				DEVELOPMENT_TEAM = ALL4HC65LS;
				INFOPLIST_FILE = TaxAppUITests/Info.plist;
				LD_RUNPATH_SEARCH_PATHS = (
					"$(inherited)",
					"@executable_path/Frameworks",
					"@loader_path/Frameworks",
				);
				PRODUCT_BUNDLE_IDENTIFIER = com.example.TaxAppUITests;
				PRODUCT_NAME = "$(TARGET_NAME)";
				SWIFT_VERSION = 5.0;
				TARGETED_DEVICE_FAMILY = "1,2";
				TEST_TARGET_NAME = TaxApp;
			};
			name = Release;
		};
/* End XCBuildConfiguration section */

/* Begin XCConfigurationList section */
		10405D55260FB2BE00CD214E /* Build configuration list for PBXProject "TaxApp" */ = {
			isa = XCConfigurationList;
			buildConfigurations = (
				10405D82260FB2C200CD214E /* Debug */,
				10405D83260FB2C200CD214E /* Release */,
			);
			defaultConfigurationIsVisible = 0;
			defaultConfigurationName = Release;
		};
		10405D84260FB2C200CD214E /* Build configuration list for PBXNativeTarget "TaxApp" */ = {
			isa = XCConfigurationList;
			buildConfigurations = (
				10405D85260FB2C200CD214E /* Debug */,
				10405D86260FB2C200CD214E /* Release */,
			);
			defaultConfigurationIsVisible = 0;
			defaultConfigurationName = Release;
		};
		10405D87260FB2C200CD214E /* Build configuration list for PBXNativeTarget "TaxAppTests" */ = {
			isa = XCConfigurationList;
			buildConfigurations = (
				10405D88260FB2C200CD214E /* Debug */,
				10405D89260FB2C200CD214E /* Release */,
			);
			defaultConfigurationIsVisible = 0;
			defaultConfigurationName = Release;
		};
		10405D8A260FB2C200CD214E /* Build configuration list for PBXNativeTarget "TaxAppUITests" */ = {
			isa = XCConfigurationList;
			buildConfigurations = (
				10405D8B260FB2C200CD214E /* Debug */,
				10405D8C260FB2C200CD214E /* Release */,
			);
			defaultConfigurationIsVisible = 0;
			defaultConfigurationName = Release;
		};
/* End XCConfigurationList section */
	};
	rootObject = 10405D52260FB2BE00CD214E /* Project object */;
}
